// !$*UTF8*$!
{
	archiveVersion = 1;
	classes = {
	};
	objectVersion = 50;
	objects = {

/* Begin PBXBuildFile section */
		CF0AE3D7274D570E00AF13AA /* colorsViewController.swift in Sources */ = {isa = PBXBuildFile; fileRef = CF0AE3D6274D570E00AF13AA /* colorsViewController.swift */; };
		CF0AE3DB274D5E3C00AF13AA /* Colors.swift in Sources */ = {isa = PBXBuildFile; fileRef = CF0AE3DA274D5E3C00AF13AA /* Colors.swift */; };
		CF2BC168274D52D6002343B2 /* AppDelegate.swift in Sources */ = {isa = PBXBuildFile; fileRef = CF2BC167274D52D6002343B2 /* AppDelegate.swift */; };
		CF2BC16A274D52D6002343B2 /* SceneDelegate.swift in Sources */ = {isa = PBXBuildFile; fileRef = CF2BC169274D52D6002343B2 /* SceneDelegate.swift */; };
		CF2BC16C274D52D6002343B2 /* initViewController.swift in Sources */ = {isa = PBXBuildFile; fileRef = CF2BC16B274D52D6002343B2 /* initViewController.swift */; };
		CF2BC16F274D52D6002343B2 /* Main.storyboard in Resources */ = {isa = PBXBuildFile; fileRef = CF2BC16D274D52D6002343B2 /* Main.storyboard */; };
		CF2BC171274D52D7002343B2 /* Assets.xcassets in Resources */ = {isa = PBXBuildFile; fileRef = CF2BC170274D52D7002343B2 /* Assets.xcassets */; };
		CF2BC174274D52D7002343B2 /* LaunchScreen.storyboard in Resources */ = {isa = PBXBuildFile; fileRef = CF2BC172274D52D7002343B2 /* LaunchScreen.storyboard */; };
/* End PBXBuildFile section */

/* Begin PBXFileReference section */
		CF0AE3D6274D570E00AF13AA /* colorsViewController.swift */ = {isa = PBXFileReference; lastKnownFileType = sourcecode.swift; path = colorsViewController.swift; sourceTree = "<group>"; };
		CF0AE3DA274D5E3C00AF13AA /* Colors.swift */ = {isa = PBXFileReference; lastKnownFileType = sourcecode.swift; path = Colors.swift; sourceTree = "<group>"; };
		CF2BC164274D52D6002343B2 /* Desafio1(CII-1).app */ = {isa = PBXFileReference; explicitFileType = wrapper.application; includeInIndex = 0; path = "Desafio1(CII-1).app"; sourceTree = BUILT_PRODUCTS_DIR; };
		CF2BC167274D52D6002343B2 /* AppDelegate.swift */ = {isa = PBXFileReference; lastKnownFileType = sourcecode.swift; path = AppDelegate.swift; sourceTree = "<group>"; };
		CF2BC169274D52D6002343B2 /* SceneDelegate.swift */ = {isa = PBXFileReference; lastKnownFileType = sourcecode.swift; path = SceneDelegate.swift; sourceTree = "<group>"; };
		CF2BC16B274D52D6002343B2 /* initViewController.swift */ = {isa = PBXFileReference; lastKnownFileType = sourcecode.swift; path = initViewController.swift; sourceTree = "<group>"; };
		CF2BC16E274D52D6002343B2 /* Base */ = {isa = PBXFileReference; lastKnownFileType = file.storyboard; name = Base; path = Base.lproj/Main.storyboard; sourceTree = "<group>"; };
		CF2BC170274D52D7002343B2 /* Assets.xcassets */ = {isa = PBXFileReference; lastKnownFileType = folder.assetcatalog; path = Assets.xcassets; sourceTree = "<group>"; };
		CF2BC173274D52D7002343B2 /* Base */ = {isa = PBXFileReference; lastKnownFileType = file.storyboard; name = Base; path = Base.lproj/LaunchScreen.storyboard; sourceTree = "<group>"; };
		CF2BC175274D52D7002343B2 /* Info.plist */ = {isa = PBXFileReference; lastKnownFileType = text.plist.xml; path = Info.plist; sourceTree = "<group>"; };
/* End PBXFileReference section */

/* Begin PBXFrameworksBuildPhase section */
		CF2BC161274D52D6002343B2 /* Frameworks */ = {
			isa = PBXFrameworksBuildPhase;
			buildActionMask = 2147483647;
			files = (
			);
			runOnlyForDeploymentPostprocessing = 0;
		};
/* End PBXFrameworksBuildPhase section */

/* Begin PBXGroup section */
		CF2BC15B274D52D6002343B2 = {
			isa = PBXGroup;
			children = (
				CF2BC166274D52D6002343B2 /* Desafio1(CII-1) */,
				CF2BC165274D52D6002343B2 /* Products */,
			);
			sourceTree = "<group>";
		};
		CF2BC165274D52D6002343B2 /* Products */ = {
			isa = PBXGroup;
			children = (
				CF2BC164274D52D6002343B2 /* Desafio1(CII-1).app */,
			);
			name = Products;
			sourceTree = "<group>";
		};
		CF2BC166274D52D6002343B2 /* Desafio1(CII-1) */ = {
			isa = PBXGroup;
			children = (
				CF2BC180274D5307002343B2 /* Models */,
				CF2BC17C274D52E7002343B2 /* Views */,
				CF2BC17E274D52F3002343B2 /* Controllers */,
				CF2BC167274D52D6002343B2 /* AppDelegate.swift */,
				CF2BC169274D52D6002343B2 /* SceneDelegate.swift */,
				CF2BC170274D52D7002343B2 /* Assets.xcassets */,
				CF2BC172274D52D7002343B2 /* LaunchScreen.storyboard */,
				CF2BC175274D52D7002343B2 /* Info.plist */,
			);
			path = "Desafio1(CII-1)";
			sourceTree = "<group>";
		};
		CF2BC17C274D52E7002343B2 /* Views */ = {
			isa = PBXGroup;
			children = (
				CF2BC16D274D52D6002343B2 /* Main.storyboard */,
			);
			path = Views;
			sourceTree = "<group>";
		};
		CF2BC17E274D52F3002343B2 /* Controllers */ = {
			isa = PBXGroup;
			children = (
				CF2BC16B274D52D6002343B2 /* initViewController.swift */,
				CF0AE3D6274D570E00AF13AA /* colorsViewController.swift */,
			);
			path = Controllers;
			sourceTree = "<group>";
		};
		CF2BC180274D5307002343B2 /* Models */ = {
			isa = PBXGroup;
			children = (
				CF0AE3DA274D5E3C00AF13AA /* Colors.swift */,
			);
			path = Models;
			sourceTree = "<group>";
		};
/* End PBXGroup section */

/* Begin PBXNativeTarget section */
		CF2BC163274D52D6002343B2 /* Desafio1(CII-1) */ = {
			isa = PBXNativeTarget;
			buildConfigurationList = CF2BC178274D52D7002343B2 /* Build configuration list for PBXNativeTarget "Desafio1(CII-1)" */;
			buildPhases = (
				CF2BC160274D52D6002343B2 /* Sources */,
				CF2BC161274D52D6002343B2 /* Frameworks */,
				CF2BC162274D52D6002343B2 /* Resources */,
			);
			buildRules = (
			);
			dependencies = (
			);
			name = "Desafio1(CII-1)";
			productName = "Desafio1(CII-1)";
			productReference = CF2BC164274D52D6002343B2 /* Desafio1(CII-1).app */;
			productType = "com.apple.product-type.application";
		};
/* End PBXNativeTarget section */

/* Begin PBXProject section */
		CF2BC15C274D52D6002343B2 /* Project object */ = {
			isa = PBXProject;
			attributes = {
				LastSwiftUpdateCheck = 1240;
				LastUpgradeCheck = 1240;
				TargetAttributes = {
					CF2BC163274D52D6002343B2 = {
						CreatedOnToolsVersion = 12.4;
					};
				};
			};
			buildConfigurationList = CF2BC15F274D52D6002343B2 /* Build configuration list for PBXProject "Desafio1(CII-1)" */;
			compatibilityVersion = "Xcode 9.3";
			developmentRegion = en;
			hasScannedForEncodings = 0;
			knownRegions = (
				en,
				Base,
			);
			mainGroup = CF2BC15B274D52D6002343B2;
			productRefGroup = CF2BC165274D52D6002343B2 /* Products */;
			projectDirPath = "";
			projectRoot = "";
			targets = (
				CF2BC163274D52D6002343B2 /* Desafio1(CII-1) */,
			);
		};
/* End PBXProject section */

/* Begin PBXResourcesBuildPhase section */
		CF2BC162274D52D6002343B2 /* Resources */ = {
			isa = PBXResourcesBuildPhase;
			buildActionMask = 2147483647;
			files = (
				CF2BC174274D52D7002343B2 /* LaunchScreen.storyboard in Resources */,
				CF2BC171274D52D7002343B2 /* Assets.xcassets in Resources */,
				CF2BC16F274D52D6002343B2 /* Main.storyboard in Resources */,
			);
			runOnlyForDeploymentPostprocessing = 0;
		};
/* End PBXResourcesBuildPhase section */

/* Begin PBXSourcesBuildPhase section */
		CF2BC160274D52D6002343B2 /* Sources */ = {
			isa = PBXSourcesBuildPhase;
			buildActionMask = 2147483647;
			files = (
				CF2BC16C274D52D6002343B2 /* initViewController.swift in Sources */,
				CF0AE3DB274D5E3C00AF13AA /* Colors.swift in Sources */,
				CF0AE3D7274D570E00AF13AA /* colorsViewController.swift in Sources */,
				CF2BC168274D52D6002343B2 /* AppDelegate.swift in Sources */,
				CF2BC16A274D52D6002343B2 /* SceneDelegate.swift in Sources */,
			);
			runOnlyForDeploymentPostprocessing = 0;
		};
/* End PBXSourcesBuildPhase section */

/* Begin PBXVariantGroup section */
		CF2BC16D274D52D6002343B2 /* Main.storyboard */ = {
			isa = PBXVariantGroup;
			children = (
				CF2BC16E274D52D6002343B2 /* Base */,
			);
			name = Main.storyboard;
			sourceTree = "<group>";
		};
		CF2BC172274D52D7002343B2 /* LaunchScreen.storyboard */ = {
			isa = PBXVariantGroup;
			children = (
				CF2BC173274D52D7002343B2 /* Base */,
			);
			name = LaunchScreen.storyboard;
			sourceTree = "<group>";
		};
/* End PBXVariantGroup section */

/* Begin XCBuildConfiguration section */
		CF2BC176274D52D7002343B2 /* Debug */ = {
			isa = XCBuildConfiguration;
			buildSettings = {
				ALWAYS_SEARCH_USER_PATHS = NO;
				CLANG_ANALYZER_NONNULL = YES;
				CLANG_ANALYZER_NUMBER_OBJECT_CONVERSION = YES_AGGRESSIVE;
				CLANG_CXX_LANGUAGE_STANDARD = "gnu++14";
				CLANG_CXX_LIBRARY = "libc++";
				CLANG_ENABLE_MODULES = YES;
				CLANG_ENABLE_OBJC_ARC = YES;
				CLANG_ENABLE_OBJC_WEAK = YES;
				CLANG_WARN_BLOCK_CAPTURE_AUTORELEASING = YES;
				CLANG_WARN_BOOL_CONVERSION = YES;
				CLANG_WARN_COMMA = YES;
				CLANG_WARN_CONSTANT_CONVERSION = YES;
				CLANG_WARN_DEPRECATED_OBJC_IMPLEMENTATIONS = YES;
				CLANG_WARN_DIRECT_OBJC_ISA_USAGE = YES_ERROR;
				CLANG_WARN_DOCUMENTATION_COMMENTS = YES;
				CLANG_WARN_EMPTY_BODY = YES;
				CLANG_WARN_ENUM_CONVERSION = YES;
				CLANG_WARN_INFINITE_RECURSION = YES;
				CLANG_WARN_INT_CONVERSION = YES;
				CLANG_WARN_NON_LITERAL_NULL_CONVERSION = YES;
				CLANG_WARN_OBJC_IMPLICIT_RETAIN_SELF = YES;
				CLANG_WARN_OBJC_LITERAL_CONVERSION = YES;
				CLANG_WARN_OBJC_ROOT_CLASS = YES_ERROR;
				CLANG_WARN_QUOTED_INCLUDE_IN_FRAMEWORK_HEADER = YES;
				CLANG_WARN_RANGE_LOOP_ANALYSIS = YES;
				CLANG_WARN_STRICT_PROTOTYPES = YES;
				CLANG_WARN_SUSPICIOUS_MOVE = YES;
				CLANG_WARN_UNGUARDED_AVAILABILITY = YES_AGGRESSIVE;
				CLANG_WARN_UNREACHABLE_CODE = YES;
				CLANG_WARN__DUPLICATE_METHOD_MATCH = YES;
				COPY_PHASE_STRIP = NO;
				DEBUG_INFORMATION_FORMAT = dwarf;
				ENABLE_STRICT_OBJC_MSGSEND = YES;
				ENABLE_TESTABILITY = YES;
				GCC_C_LANGUAGE_STANDARD = gnu11;
				GCC_DYNAMIC_NO_PIC = NO;
				GCC_NO_COMMON_BLOCKS = YES;
				GCC_OPTIMIZATION_LEVEL = 0;
				GCC_PREPROCESSOR_DEFINITIONS = (
					"DEBUG=1",
					"$(inherited)",
				);
				GCC_WARN_64_TO_32_BIT_CONVERSION = YES;
				GCC_WARN_ABOUT_RETURN_TYPE = YES_ERROR;
				GCC_WARN_UNDECLARED_SELECTOR = YES;
				GCC_WARN_UNINITIALIZED_AUTOS = YES_AGGRESSIVE;
				GCC_WARN_UNUSED_FUNCTION = YES;
				GCC_WARN_UNUSED_VARIABLE = YES;
				IPHONEOS_DEPLOYMENT_TARGET = 14.4;
				MTL_ENABLE_DEBUG_INFO = INCLUDE_SOURCE;
				MTL_FAST_MATH = YES;
				ONLY_ACTIVE_ARCH = YES;
				SDKROOT = iphoneos;
				SWIFT_ACTIVE_COMPILATION_CONDITIONS = DEBUG;
				SWIFT_OPTIMIZATION_LEVEL = "-Onone";
			};
			name = Debug;
		};
		CF2BC177274D52D7002343B2 /* Release */ = {
			isa = XCBuildConfiguration;
			buildSettings = {
				ALWAYS_SEARCH_USER_PATHS = NO;
				CLANG_ANALYZER_NONNULL = YES;
				CLANG_ANALYZER_NUMBER_OBJECT_CONVERSION = YES_AGGRESSIVE;
				CLANG_CXX_LANGUAGE_STANDARD = "gnu++14";
				CLANG_CXX_LIBRARY = "libc++";
				CLANG_ENABLE_MODULES = YES;
				CLANG_ENABLE_OBJC_ARC = YES;
				CLANG_ENABLE_OBJC_WEAK = YES;
				CLANG_WARN_BLOCK_CAPTURE_AUTORELEASING = YES;
				CLANG_WARN_BOOL_CONVERSION = YES;
				CLANG_WARN_COMMA = YES;
				CLANG_WARN_CONSTANT_CONVERSION = YES;
				CLANG_WARN_DEPRECATED_OBJC_IMPLEMENTATIONS = YES;
				CLANG_WARN_DIRECT_OBJC_ISA_USAGE = YES_ERROR;
				CLANG_WARN_DOCUMENTATION_COMMENTS = YES;
				CLANG_WARN_EMPTY_BODY = YES;
				CLANG_WARN_ENUM_CONVERSION = YES;
				CLANG_WARN_INFINITE_RECURSION = YES;
				CLANG_WARN_INT_CONVERSION = YES;
				CLANG_WARN_NON_LITERAL_NULL_CONVERSION = YES;
				CLANG_WARN_OBJC_IMPLICIT_RETAIN_SELF = YES;
				CLANG_WARN_OBJC_LITERAL_CONVERSION = YES;
				CLANG_WARN_OBJC_ROOT_CLASS = YES_ERROR;
				CLANG_WARN_QUOTED_INCLUDE_IN_FRAMEWORK_HEADER = YES;
				CLANG_WARN_RANGE_LOOP_ANALYSIS = YES;
				CLANG_WARN_STRICT_PROTOTYPES = YES;
				CLANG_WARN_SUSPICIOUS_MOVE = YES;
				CLANG_WARN_UNGUARDED_AVAILABILITY = YES_AGGRESSIVE;
				CLANG_WARN_UNREACHABLE_CODE = YES;
				CLANG_WARN__DUPLICATE_METHOD_MATCH = YES;
				COPY_PHASE_STRIP = NO;
				DEBUG_INFORMATION_FORMAT = "dwarf-with-dsym";
				ENABLE_NS_ASSERTIONS = NO;
				ENABLE_STRICT_OBJC_MSGSEND = YES;
				GCC_C_LANGUAGE_STANDARD = gnu11;
				GCC_NO_COMMON_BLOCKS = YES;
				GCC_WARN_64_TO_32_BIT_CONVERSION = YES;
				GCC_WARN_ABOUT_RETURN_TYPE = YES_ERROR;
				GCC_WARN_UNDECLARED_SELECTOR = YES;
				GCC_WARN_UNINITIALIZED_AUTOS = YES_AGGRESSIVE;
				GCC_WARN_UNUSED_FUNCTION = YES;
				GCC_WARN_UNUSED_VARIABLE = YES;
				IPHONEOS_DEPLOYMENT_TARGET = 14.4;
				MTL_ENABLE_DEBUG_INFO = NO;
				MTL_FAST_MATH = YES;
				SDKROOT = iphoneos;
				SWIFT_COMPILATION_MODE = wholemodule;
				SWIFT_OPTIMIZATION_LEVEL = "-O";
				VALIDATE_PRODUCT = YES;
			};
			name = Release;
		};
		CF2BC179274D52D7002343B2 /* Debug */ = {
			isa = XCBuildConfiguration;
			buildSettings = {
				ASSETCATALOG_COMPILER_APPICON_NAME = AppIcon;
				ASSETCATALOG_COMPILER_GLOBAL_ACCENT_COLOR_NAME = AccentColor;
				CODE_SIGN_STYLE = Automatic;
				INFOPLIST_FILE = "Desafio1(CII-1)/Info.plist";
				LD_RUNPATH_SEARCH_PATHS = (
					"$(inherited)",
					"@executable_path/Frameworks",
				);
				PRODUCT_BUNDLE_IDENTIFIER = "com.ilia.estagio.Desafio1-CII-1-";
				PRODUCT_NAME = "$(TARGET_NAME)";
				SWIFT_VERSION = 5.0;
				TARGETED_DEVICE_FAMILY = "1,2";
			};
			name = Debug;
		};
		CF2BC17A274D52D7002343B2 /* Release */ = {
			isa = XCBuildConfiguration;
			buildSettings = {
				ASSETCATALOG_COMPILER_APPICON_NAME = AppIcon;
				ASSETCATALOG_COMPILER_GLOBAL_ACCENT_COLOR_NAME = AccentColor;
				CODE_SIGN_STYLE = Automatic;
				INFOPLIST_FILE = "Desafio1(CII-1)/Info.plist";
				LD_RUNPATH_SEARCH_PATHS = (
					"$(inherited)",
					"@executable_path/Frameworks",
				);
				PRODUCT_BUNDLE_IDENTIFIER = "com.ilia.estagio.Desafio1-CII-1-";
				PRODUCT_NAME = "$(TARGET_NAME)";
				SWIFT_VERSION = 5.0;
				TARGETED_DEVICE_FAMILY = "1,2";
			};
			name = Release;
		};
/* End XCBuildConfiguration section */

/* Begin XCConfigurationList section */
		CF2BC15F274D52D6002343B2 /* Build configuration list for PBXProject "Desafio1(CII-1)" */ = {
			isa = XCConfigurationList;
			buildConfigurations = (
				CF2BC176274D52D7002343B2 /* Debug */,
				CF2BC177274D52D7002343B2 /* Release */,
			);
			defaultConfigurationIsVisible = 0;
			defaultConfigurationName = Release;
		};
		CF2BC178274D52D7002343B2 /* Build configuration list for PBXNativeTarget "Desafio1(CII-1)" */ = {
			isa = XCConfigurationList;
			buildConfigurations = (
				CF2BC179274D52D7002343B2 /* Debug */,
				CF2BC17A274D52D7002343B2 /* Release */,
			);
			defaultConfigurationIsVisible = 0;
			defaultConfigurationName = Release;
		};
/* End XCConfigurationList section */
	};
	rootObject = CF2BC15C274D52D6002343B2 /* Project object */;
}
